
Microsoft Visual Studio Solution File, Format Version 12.00
# Visual Studio Version 17
VisualStudioVersion = 17.0.32112.339
MinimumVisualStudioVersion = 10.0.40219.1
Project("{FAE04EC0-301F-11D3-BF4B-00C04F79EFBC}") = "TensorMine", "TensorMine.csproj", "{67D1929D-DD7A-46DD-8BDC-6DFDD8580D73}"
EndProject
Global
	GlobalSection(SolutionConfigurationPlatforms) = preSolution
		Debug|Any CPU = Debug|Any CPU
		Release|Any CPU = Release|Any CPU
	EndGlobalSection
	GlobalSection(ProjectConfigurationPlatforms) = postSolution
		{67D1929D-DD7A-46DD-8BDC-6DFDD8580D73}.Debug|Any CPU.ActiveCfg = Debug|Any CPU
		{67D1929D-DD7A-46DD-8BDC-6DFDD8580D73}.Debug|Any CPU.Build.0 = Debug|Any CPU
		{67D1929D-DD7A-46DD-8BDC-6DFDD8580D73}.Release|Any CPU.ActiveCfg = Release|Any CPU
		{67D1929D-DD7A-46DD-8BDC-6DFDD8580D73}.Release|Any CPU.Build.0 = Release|Any CPU
	EndGlobalSection
	GlobalSection(SolutionProperties) = preSolution
		HideSolutionNode = FALSE
	EndGlobalSection
	GlobalSection(ExtensibilityGlobals) = postSolution
		SolutionGuid = {2F414070-A19D-4FBF-8CFC-8C9C6A577316}
	EndGlobalSection
EndGlobal
